<?xml version="1.0" encoding="utf-8"?>
<Project ToolsVersion="4.0" xmlns="http://schemas.microsoft.com/developer/msbuild/2003">
  <ItemGroup>
    <Filter Include="Source Files">
      <UniqueIdentifier>{4FC737F1-C7A5-4376-A066-2A32D752A2FF}</UniqueIdentifier>
      <Extensions>cpp;c;cc;cxx;c++;cppm;ixx;def;odl;idl;hpj;bat;asm;asmx</Extensions>
    </Filter>
    <Filter Include="Header Files">
      <UniqueIdentifier>{93995380-89BD-4b04-88EB-625FBE52EBFB}</UniqueIdentifier>
      <Extensions>h;hh;hpp;hxx;h++;hm;inl;inc;ipp;xsd</Extensions>
    </Filter>
    <Filter Include="Resource Files">
      <UniqueIdentifier>{67DA6AB6-F800-4c08-8B7A-83BB121AAD01}</UniqueIdentifier>
      <Extensions>rc;ico;cur;bmp;dlg;rc2;rct;bin;rgs;gif;jpg;jpeg;jpe;resx;tiff;tif;png;wav;mfcribbon-ms</Extensions>
    </Filter>
    <Filter Include="Shader Files">
      <UniqueIdentifier>{b2e5d55e-1666-4c90-8e28-5da9a6888c60}</UniqueIdentifier>
    </Filter>
    <Filter Include="Source Files\WinAPISrc">
      <UniqueIdentifier>{0b0f0a67-057a-464a-a9db-5f6af076b03b}</UniqueIdentifier>
    </Filter>
    <Filter Include="Header Files\WinAPIH">
      <UniqueIdentifier>{0ab43174-85d2-41f2-940d-dbad52fe1778}</UniqueIdentifier>
    </Filter>
    <Filter Include="Header Files\BindableH">
      <UniqueIdentifier>{fdd8f95e-43a8-45ec-bdf1-5ae0511a67a0}</UniqueIdentifier>
    </Filter>
    <Filter Include="Header Files\DrawableH">
      <UniqueIdentifier>{f540bf11-75ff-41cd-aa1e-a89a306cb7eb}</UniqueIdentifier>
    </Filter>
    <Filter Include="Source Files\DrawableSrc">
      <UniqueIdentifier>{55338e98-af99-43e9-9d42-adf944c2871e}</UniqueIdentifier>
    </Filter>
    <Filter Include="Source Files\BinableSrc">
      <UniqueIdentifier>{0fdce746-3612-4fd6-9222-dd911622ab03}</UniqueIdentifier>
    </Filter>
    <Filter Include="Header Files\SceneH">
      <UniqueIdentifier>{bd2112d4-557d-4b1f-9328-0f29728b1423}</UniqueIdentifier>
    </Filter>
    <Filter Include="Source Files\SceneSrc">
      <UniqueIdentifier>{d25f15d8-545e-4964-b85e-2115230899ba}</UniqueIdentifier>
    </Filter>
  </ItemGroup>
  <ItemGroup>
    <ClCompile Include="winmain.cpp">
      <Filter>Source Files</Filter>
    </ClCompile>
    <ClCompile Include="basicerror.cpp">
      <Filter>Source Files</Filter>
    </ClCompile>
    <ClCompile Include="app.cpp">
      <Filter>Source Files</Filter>
    </ClCompile>
    <ClCompile Include="timer.cpp">
      <Filter>Source Files</Filter>
    </ClCompile>
    <ClCompile Include="graphics.cpp">
      <Filter>Source Files</Filter>
    </ClCompile>
    <ClCompile Include="bindable.cpp">
      <Filter>Source Files\BinableSrc</Filter>
    </ClCompile>
    <ClCompile Include="indexbuffer.cpp">
      <Filter>Source Files\BinableSrc</Filter>
    </ClCompile>
    <ClCompile Include="inputlayout.cpp">
      <Filter>Source Files\BinableSrc</Filter>
    </ClCompile>
    <ClCompile Include="pixelshader.cpp">
      <Filter>Source Files\BinableSrc</Filter>
    </ClCompile>
    <ClCompile Include="topology.cpp">
      <Filter>Source Files\BinableSrc</Filter>
    </ClCompile>
    <ClCompile Include="vertexbuffer.cpp">
      <Filter>Source Files\BinableSrc</Filter>
    </ClCompile>
    <ClCompile Include="vertexshader.cpp">
      <Filter>Source Files\BinableSrc</Filter>
    </ClCompile>
    <ClCompile Include="windowclass.cpp">
      <Filter>Source Files\WinAPISrc</Filter>
    </ClCompile>
    <ClCompile Include="winmessagemap.cpp">
      <Filter>Source Files\WinAPISrc</Filter>
    </ClCompile>
    <ClCompile Include="mouse.cpp">
      <Filter>Source Files\WinAPISrc</Filter>
    </ClCompile>
    <ClCompile Include="keyboard.cpp">
      <Filter>Source Files\WinAPISrc</Filter>
    </ClCompile>
    <ClCompile Include="drawable.cpp">
      <Filter>Source Files\DrawableSrc</Filter>
    </ClCompile>
    <ClCompile Include="transbuffer.cpp">
      <Filter>Source Files</Filter>
    </ClCompile>
    <ClCompile Include="cube.cpp">
      <Filter>Source Files\DrawableSrc</Filter>
    </ClCompile>
    <ClCompile Include="cylinder.cpp">
      <Filter>Source Files\DrawableSrc</Filter>
    </ClCompile>
    <ClCompile Include="spincube.cpp">
      <Filter>Source Files\SceneSrc</Filter>
    </ClCompile>
    <ClCompile Include="spincyl.cpp">
      <Filter>Source Files\SceneSrc</Filter>
    </ClCompile>
  </ItemGroup>
  <ItemGroup>
    <ClInclude Include="basicerror.h">
      <Filter>Header Files</Filter>
    </ClInclude>
    <ClInclude Include="app.h">
      <Filter>Header Files</Filter>
    </ClInclude>
    <ClInclude Include="timer.h">
      <Filter>Header Files</Filter>
    </ClInclude>
    <ClInclude Include="graphics.h">
      <Filter>Header Files</Filter>
    </ClInclude>
    <ClInclude Include="macros.h">
      <Filter>Header Files</Filter>
    </ClInclude>
    <ClInclude Include="vertex.h">
      <Filter>Header Files</Filter>
    </ClInclude>
    <ClInclude Include="constantbuffer.h">
      <Filter>Header Files\BindableH</Filter>
    </ClInclude>
    <ClInclude Include="indexbuffer.h">
      <Filter>Header Files\BindableH</Filter>
    </ClInclude>
    <ClInclude Include="inputlayout.h">
      <Filter>Header Files\BindableH</Filter>
    </ClInclude>
    <ClInclude Include="pipelineparts.h">
      <Filter>Header Files\BindableH</Filter>
    </ClInclude>
    <ClInclude Include="pixelshader.h">
      <Filter>Header Files\BindableH</Filter>
    </ClInclude>
    <ClInclude Include="topology.h">
      <Filter>Header Files\BindableH</Filter>
    </ClInclude>
    <ClInclude Include="vertexbuffer.h">
      <Filter>Header Files\BindableH</Filter>
    </ClInclude>
    <ClInclude Include="vertexshader.h">
      <Filter>Header Files\BindableH</Filter>
    </ClInclude>
    <ClInclude Include="bindable.h">
      <Filter>Header Files\BindableH</Filter>
    </ClInclude>
    <ClInclude Include="keyboard.h">
      <Filter>Header Files\WinAPIH</Filter>
    </ClInclude>
    <ClInclude Include="mainwin.h">
      <Filter>Header Files\WinAPIH</Filter>
    </ClInclude>
    <ClInclude Include="mouse.h">
      <Filter>Header Files\WinAPIH</Filter>
    </ClInclude>
    <ClInclude Include="windowclass.h">
      <Filter>Header Files\WinAPIH</Filter>
    </ClInclude>
    <ClInclude Include="winmessagemap.h">
      <Filter>Header Files\WinAPIH</Filter>
    </ClInclude>
    <ClInclude Include="drawable.h">
      <Filter>Header Files\DrawableH</Filter>
    </ClInclude>
    <ClInclude Include="cube.h">
      <Filter>Header Files\DrawableH</Filter>
    </ClInclude>
    <ClInclude Include="transbuffer.h">
      <Filter>Header Files</Filter>
    </ClInclude>
    <ClInclude Include="cylinder.h">
      <Filter>Header Files\DrawableH</Filter>
    </ClInclude>
    <ClInclude Include="texture.h">
      <Filter>Header Files</Filter>
    </ClInclude>
    <ClInclude Include="scene.h">
      <Filter>Header Files\SceneH</Filter>
    </ClInclude>
    <ClInclude Include="spincube.h">
      <Filter>Header Files\SceneH</Filter>
    </ClInclude>
    <ClInclude Include="spincyl.h">
      <Filter>Header Files\SceneH</Filter>
    </ClInclude>
  </ItemGroup>
  <ItemGroup>
    <FxCompile Include="vertexshader.hlsl">
      <Filter>Shader Files</Filter>
    </FxCompile>
    <FxCompile Include="pixelshader.hlsl">
      <Filter>Shader Files</Filter>
    </FxCompile>
  </ItemGroup>
</Project>